
Microsoft Visual Studio Solution File, Format Version 12.00
# Visual Studio Version 16
VisualStudioVersion = 16.0.32002.261
MinimumVisualStudioVersion = 10.0.40219.1
Project("{9A19103F-16F7-4668-BE54-9A1E7A4F7556}") = "FeedbackService", "FeedbackService\FeedbackService.csproj", "{19AEBC17-0EB1-4E35-8DB2-7F9F2EBF1061}"
EndProject
Project("{FAE04EC0-301F-11D3-BF4B-00C04F79EFBC}") = "FeedbackServices.UnitTests", "FeedbackServices.UnitTests\FeedbackServices.UnitTests.csproj", "{C26A04A2-E381-409E-8B7C-53F79A4A75D3}"
EndProject
Global
	GlobalSection(SolutionConfigurationPlatforms) = preSolution
		Debug|Any CPU = Debug|Any CPU
		Release|Any CPU = Release|Any CPU
	EndGlobalSection
	GlobalSection(ProjectConfigurationPlatforms) = postSolution
		{19AEBC17-0EB1-4E35-8DB2-7F9F2EBF1061}.Debug|Any CPU.ActiveCfg = Debug|Any CPU
		{19AEBC17-0EB1-4E35-8DB2-7F9F2EBF1061}.Debug|Any CPU.Build.0 = Debug|Any CPU
		{19AEBC17-0EB1-4E35-8DB2-7F9F2EBF1061}.Release|Any CPU.ActiveCfg = Release|Any CPU
		{19AEBC17-0EB1-4E35-8DB2-7F9F2EBF1061}.Release|Any CPU.Build.0 = Release|Any CPU
		{C26A04A2-E381-409E-8B7C-53F79A4A75D3}.Debug|Any CPU.ActiveCfg = Debug|Any CPU
		{C26A04A2-E381-409E-8B7C-53F79A4A75D3}.Debug|Any CPU.Build.0 = Debug|Any CPU
		{C26A04A2-E381-409E-8B7C-53F79A4A75D3}.Release|Any CPU.ActiveCfg = Release|Any CPU
		{C26A04A2-E381-409E-8B7C-53F79A4A75D3}.Release|Any CPU.Build.0 = Release|Any CPU
	EndGlobalSection
	GlobalSection(SolutionProperties) = preSolution
		HideSolutionNode = FALSE
	EndGlobalSection
	GlobalSection(ExtensibilityGlobals) = postSolution
		SolutionGuid = {54CE26FE-8E3A-45F0-B1C3-22DA21B81DDD}
	EndGlobalSection
EndGlobal
